
Microsoft Visual Studio Solution File, Format Version 12.00
# Visual Studio Version 17
VisualStudioVersion = 17.5.33516.290
MinimumVisualStudioVersion = 10.0.40219.1
Project("{FAE04EC0-301F-11D3-BF4B-00C04F79EFBC}") = "WpfRKeeperV2", "WpfRKeeperV2\WpfRKeeperV2.csproj", "{5F8D02C6-CEAD-4AE8-A638-4AAE16A79A42}"
EndProject
Global
	GlobalSection(SolutionConfigurationPlatforms) = preSolution
		Debug|Any CPU = Debug|Any CPU
		Release|Any CPU = Release|Any CPU
	EndGlobalSection
	GlobalSection(ProjectConfigurationPlatforms) = postSolution
		{5F8D02C6-CEAD-4AE8-A638-4AAE16A79A42}.Debug|Any CPU.ActiveCfg = Debug|Any CPU
		{5F8D02C6-CEAD-4AE8-A638-4AAE16A79A42}.Debug|Any CPU.Build.0 = Debug|Any CPU
		{5F8D02C6-CEAD-4AE8-A638-4AAE16A79A42}.Release|Any CPU.ActiveCfg = Release|Any CPU
		{5F8D02C6-CEAD-4AE8-A638-4AAE16A79A42}.Release|Any CPU.Build.0 = Release|Any CPU
	EndGlobalSection
	GlobalSection(SolutionProperties) = preSolution
		HideSolutionNode = FALSE
	EndGlobalSection
	GlobalSection(ExtensibilityGlobals) = postSolution
		SolutionGuid = {830043FE-2A35-45AB-835B-0812EB7EEAB4}
	EndGlobalSection
EndGlobal
